
Microsoft Visual Studio Solution File, Format Version 12.00
# Visual Studio Version 17
VisualStudioVersion = 17.3.32825.248
MinimumVisualStudioVersion = 10.0.40219.1
Project("{FAE04EC0-301F-11D3-BF4B-00C04F79EFBC}") = "Task5.1", "Task5.1\Task5.1.csproj", "{A780EB7A-D368-4EEB-82C9-DF3CB081150F}"
EndProject
Project("{FAE04EC0-301F-11D3-BF4B-00C04F79EFBC}") = "Task5.3", "Task5.3\Task5.3.csproj", "{FE280624-AE17-43A8-80CB-E3E0BDD6B740}"
EndProject
Project("{FAE04EC0-301F-11D3-BF4B-00C04F79EFBC}") = "Task5.4", "Task5.4\Task5.4.csproj", "{B03CCA6D-994B-44AD-A70B-495AC4D3680F}"
EndProject
Project("{9A19103F-16F7-4668-BE54-9A1E7A4F7556}") = "005_Indexers", "005_Indexers\005_Indexers.csproj", "{241AD318-1CB0-4D6E-8659-AEEB4DB6D29D}"
EndProject
Global
	GlobalSection(SolutionConfigurationPlatforms) = preSolution
		Debug|Any CPU = Debug|Any CPU
		Release|Any CPU = Release|Any CPU
	EndGlobalSection
	GlobalSection(ProjectConfigurationPlatforms) = postSolution
		{A780EB7A-D368-4EEB-82C9-DF3CB081150F}.Debug|Any CPU.ActiveCfg = Debug|Any CPU
		{A780EB7A-D368-4EEB-82C9-DF3CB081150F}.Debug|Any CPU.Build.0 = Debug|Any CPU
		{A780EB7A-D368-4EEB-82C9-DF3CB081150F}.Release|Any CPU.ActiveCfg = Release|Any CPU
		{A780EB7A-D368-4EEB-82C9-DF3CB081150F}.Release|Any CPU.Build.0 = Release|Any CPU
		{FE280624-AE17-43A8-80CB-E3E0BDD6B740}.Debug|Any CPU.ActiveCfg = Debug|Any CPU
		{FE280624-AE17-43A8-80CB-E3E0BDD6B740}.Debug|Any CPU.Build.0 = Debug|Any CPU
		{FE280624-AE17-43A8-80CB-E3E0BDD6B740}.Release|Any CPU.ActiveCfg = Release|Any CPU
		{FE280624-AE17-43A8-80CB-E3E0BDD6B740}.Release|Any CPU.Build.0 = Release|Any CPU
		{B03CCA6D-994B-44AD-A70B-495AC4D3680F}.Debug|Any CPU.ActiveCfg = Debug|Any CPU
		{B03CCA6D-994B-44AD-A70B-495AC4D3680F}.Debug|Any CPU.Build.0 = Debug|Any CPU
		{B03CCA6D-994B-44AD-A70B-495AC4D3680F}.Release|Any CPU.ActiveCfg = Release|Any CPU
		{B03CCA6D-994B-44AD-A70B-495AC4D3680F}.Release|Any CPU.Build.0 = Release|Any CPU
		{241AD318-1CB0-4D6E-8659-AEEB4DB6D29D}.Debug|Any CPU.ActiveCfg = Debug|Any CPU
		{241AD318-1CB0-4D6E-8659-AEEB4DB6D29D}.Debug|Any CPU.Build.0 = Debug|Any CPU
		{241AD318-1CB0-4D6E-8659-AEEB4DB6D29D}.Release|Any CPU.ActiveCfg = Release|Any CPU
		{241AD318-1CB0-4D6E-8659-AEEB4DB6D29D}.Release|Any CPU.Build.0 = Release|Any CPU
	EndGlobalSection
	GlobalSection(SolutionProperties) = preSolution
		HideSolutionNode = FALSE
	EndGlobalSection
	GlobalSection(ExtensibilityGlobals) = postSolution
		SolutionGuid = {4A6DC4F1-541E-4C70-B07C-A86476A6AF4A}
	EndGlobalSection
EndGlobal
